// !$*UTF8*$!
{
	archiveVersion = 1;
	classes = {
	};
	objectVersion = 48;
	objects = {

/* Begin PBXBuildFile section */
		19749DBB2044CED700573D3E /* AppDelegate.m in Sources */ = {isa = PBXBuildFile; fileRef = 19749DBA2044CED700573D3E /* AppDelegate.m */; };
		19749DBE2044CED700573D3E /* ViewController.m in Sources */ = {isa = PBXBuildFile; fileRef = 19749DBD2044CED700573D3E /* ViewController.m */; };
		19749DC12044CED700573D3E /* Main.storyboard in Resources */ = {isa = PBXBuildFile; fileRef = 19749DBF2044CED700573D3E /* Main.storyboard */; };
		19749DC32044CED700573D3E /* Assets.xcassets in Resources */ = {isa = PBXBuildFile; fileRef = 19749DC22044CED700573D3E /* Assets.xcassets */; };
		19749DC62044CED700573D3E /* LaunchScreen.storyboard in Resources */ = {isa = PBXBuildFile; fileRef = 19749DC42044CED700573D3E /* LaunchScreen.storyboard */; };
		19749DC92044CED700573D3E /* main.m in Sources */ = {isa = PBXBuildFile; fileRef = 19749DC82044CED700573D3E /* main.m */; };
		19749DD32044CED700573D3E /* ObjCSampleAppTests.m in Sources */ = {isa = PBXBuildFile; fileRef = 19749DD22044CED700573D3E /* ObjCSampleAppTests.m */; };
		19749DDE2044CED700573D3E /* ObjCSampleAppUITests.m in Sources */ = {isa = PBXBuildFile; fileRef = 19749DDD2044CED700573D3E /* ObjCSampleAppUITests.m */; };
		19749DFC2044D99E00573D3E /* SwiftFBAudience.framework in Frameworks */ = {isa = PBXBuildFile; fileRef = 19749DFA2044D99700573D3E /* SwiftFBAudience.framework */; };
		19749DFD2044D99E00573D3E /* SwiftFBAudience.framework in Embed Frameworks */ = {isa = PBXBuildFile; fileRef = 19749DFA2044D99700573D3E /* SwiftFBAudience.framework */; settings = {ATTRIBUTES = (CodeSignOnCopy, RemoveHeadersOnCopy, ); }; };
		6DE524771C24F2EB72EACBF2 /* Pods_ObjCSampleAppTests.framework in Frameworks */ = {isa = PBXBuildFile; fileRef = 125DD8DA86403F0DA41E2B9E /* Pods_ObjCSampleAppTests.framework */; };
		DEBCD032EADC1D9D0223419C /* Pods_ObjCSampleAppUITests.framework in Frameworks */ = {isa = PBXBuildFile; fileRef = 9138AB91B5E16D179F38D704 /* Pods_ObjCSampleAppUITests.framework */; };
		E8C5909AC743CECD7FC68E17 /* Pods_ObjCSampleApp.framework in Frameworks */ = {isa = PBXBuildFile; fileRef = 49DA60B6E6D852789FF064BA /* Pods_ObjCSampleApp.framework */; };
/* End PBXBuildFile section */

/* Begin PBXContainerItemProxy section */
		19749DCF2044CED700573D3E /* PBXContainerItemProxy */ = {
			isa = PBXContainerItemProxy;
			containerPortal = 19749DAE2044CED700573D3E /* Project object */;
			proxyType = 1;
			remoteGlobalIDString = 19749DB52044CED700573D3E;
			remoteInfo = ObjCSampleApp;
		};
		19749DDA2044CED700573D3E /* PBXContainerItemProxy */ = {
			isa = PBXContainerItemProxy;
			containerPortal = 19749DAE2044CED700573D3E /* Project object */;
			proxyType = 1;
			remoteGlobalIDString = 19749DB52044CED700573D3E;
			remoteInfo = ObjCSampleApp;
		};
/* End PBXContainerItemProxy section */

/* Begin PBXCopyFilesBuildPhase section */
		19749DEF2044CF2C00573D3E /* Embed Frameworks */ = {
			isa = PBXCopyFilesBuildPhase;
			buildActionMask = 2147483647;
			dstPath = "";
			dstSubfolderSpec = 10;
			files = (
				19749DFD2044D99E00573D3E /* SwiftFBAudience.framework in Embed Frameworks */,
			);
			name = "Embed Frameworks";
			runOnlyForDeploymentPostprocessing = 0;
		};
/* End PBXCopyFilesBuildPhase section */

/* Begin PBXFileReference section */
		125DD8DA86403F0DA41E2B9E /* Pods_ObjCSampleAppTests.framework */ = {isa = PBXFileReference; explicitFileType = wrapper.framework; includeInIndex = 0; path = Pods_ObjCSampleAppTests.framework; sourceTree = BUILT_PRODUCTS_DIR; };
		19749DB62044CED700573D3E /* ObjCSampleApp.app */ = {isa = PBXFileReference; explicitFileType = wrapper.application; includeInIndex = 0; path = ObjCSampleApp.app; sourceTree = BUILT_PRODUCTS_DIR; };
		19749DB92044CED700573D3E /* AppDelegate.h */ = {isa = PBXFileReference; lastKnownFileType = sourcecode.c.h; path = AppDelegate.h; sourceTree = "<group>"; };
		19749DBA2044CED700573D3E /* AppDelegate.m */ = {isa = PBXFileReference; lastKnownFileType = sourcecode.c.objc; path = AppDelegate.m; sourceTree = "<group>"; };
		19749DBC2044CED700573D3E /* ViewController.h */ = {isa = PBXFileReference; lastKnownFileType = sourcecode.c.h; path = ViewController.h; sourceTree = "<group>"; };
		19749DBD2044CED700573D3E /* ViewController.m */ = {isa = PBXFileReference; lastKnownFileType = sourcecode.c.objc; path = ViewController.m; sourceTree = "<group>"; };
		19749DC02044CED700573D3E /* Base */ = {isa = PBXFileReference; lastKnownFileType = file.storyboard; name = Base; path = Base.lproj/Main.storyboard; sourceTree = "<group>"; };
		19749DC22044CED700573D3E /* Assets.xcassets */ = {isa = PBXFileReference; lastKnownFileType = folder.assetcatalog; path = Assets.xcassets; sourceTree = "<group>"; };
		19749DC52044CED700573D3E /* Base */ = {isa = PBXFileReference; lastKnownFileType = file.storyboard; name = Base; path = Base.lproj/LaunchScreen.storyboard; sourceTree = "<group>"; };
		19749DC72044CED700573D3E /* Info.plist */ = {isa = PBXFileReference; lastKnownFileType = text.plist.xml; path = Info.plist; sourceTree = "<group>"; };
		19749DC82044CED700573D3E /* main.m */ = {isa = PBXFileReference; lastKnownFileType = sourcecode.c.objc; path = main.m; sourceTree = "<group>"; };
		19749DCE2044CED700573D3E /* ObjCSampleAppTests.xctest */ = {isa = PBXFileReference; explicitFileType = wrapper.cfbundle; includeInIndex = 0; path = ObjCSampleAppTests.xctest; sourceTree = BUILT_PRODUCTS_DIR; };
		19749DD22044CED700573D3E /* ObjCSampleAppTests.m */ = {isa = PBXFileReference; lastKnownFileType = sourcecode.c.objc; path = ObjCSampleAppTests.m; sourceTree = "<group>"; };
		19749DD42044CED700573D3E /* Info.plist */ = {isa = PBXFileReference; lastKnownFileType = text.plist.xml; path = Info.plist; sourceTree = "<group>"; };
		19749DD92044CED700573D3E /* ObjCSampleAppUITests.xctest */ = {isa = PBXFileReference; explicitFileType = wrapper.cfbundle; includeInIndex = 0; path = ObjCSampleAppUITests.xctest; sourceTree = BUILT_PRODUCTS_DIR; };
		19749DDD2044CED700573D3E /* ObjCSampleAppUITests.m */ = {isa = PBXFileReference; lastKnownFileType = sourcecode.c.objc; path = ObjCSampleAppUITests.m; sourceTree = "<group>"; };
		19749DDF2044CED700573D3E /* Info.plist */ = {isa = PBXFileReference; lastKnownFileType = text.plist.xml; path = Info.plist; sourceTree = "<group>"; };
		19749DFA2044D99700573D3E /* SwiftFBAudience.framework */ = {isa = PBXFileReference; lastKnownFileType = wrapper.framework; path = SwiftFBAudience.framework; sourceTree = "<group>"; };
		28C4C356E6F95DE070F25106 /* Pods-ObjCSampleApp.debug.xcconfig */ = {isa = PBXFileReference; includeInIndex = 1; lastKnownFileType = text.xcconfig; name = "Pods-ObjCSampleApp.debug.xcconfig"; path = "Pods/Target Support Files/Pods-ObjCSampleApp/Pods-ObjCSampleApp.debug.xcconfig"; sourceTree = "<group>"; };
		49DA60B6E6D852789FF064BA /* Pods_ObjCSampleApp.framework */ = {isa = PBXFileReference; explicitFileType = wrapper.framework; includeInIndex = 0; path = Pods_ObjCSampleApp.framework; sourceTree = BUILT_PRODUCTS_DIR; };
		532F9CE174C517B68CF416CE /* Pods-ObjCSampleAppTests.debug.xcconfig */ = {isa = PBXFileReference; includeInIndex = 1; lastKnownFileType = text.xcconfig; name = "Pods-ObjCSampleAppTests.debug.xcconfig"; path = "Pods/Target Support Files/Pods-ObjCSampleAppTests/Pods-ObjCSampleAppTests.debug.xcconfig"; sourceTree = "<group>"; };
		7AB25D3E264DA5B6DD88785E /* Pods-ObjCSampleAppUITests.debug.xcconfig */ = {isa = PBXFileReference; includeInIndex = 1; lastKnownFileType = text.xcconfig; name = "Pods-ObjCSampleAppUITests.debug.xcconfig"; path = "Pods/Target Support Files/Pods-ObjCSampleAppUITests/Pods-ObjCSampleAppUITests.debug.xcconfig"; sourceTree = "<group>"; };
		9138AB91B5E16D179F38D704 /* Pods_ObjCSampleAppUITests.framework */ = {isa = PBXFileReference; explicitFileType = wrapper.framework; includeInIndex = 0; path = Pods_ObjCSampleAppUITests.framework; sourceTree = BUILT_PRODUCTS_DIR; };
		998011A76ADC658FA9716889 /* Pods-ObjCSampleAppUITests.release.xcconfig */ = {isa = PBXFileReference; includeInIndex = 1; lastKnownFileType = text.xcconfig; name = "Pods-ObjCSampleAppUITests.release.xcconfig"; path = "Pods/Target Support Files/Pods-ObjCSampleAppUITests/Pods-ObjCSampleAppUITests.release.xcconfig"; sourceTree = "<group>"; };
		AC76623DFFBB0A1CD8B50A85 /* Pods-ObjCSampleApp.release.xcconfig */ = {isa = PBXFileReference; includeInIndex = 1; lastKnownFileType = text.xcconfig; name = "Pods-ObjCSampleApp.release.xcconfig"; path = "Pods/Target Support Files/Pods-ObjCSampleApp/Pods-ObjCSampleApp.release.xcconfig"; sourceTree = "<group>"; };
		C1EC62DD3F42A2FCFC7F9784 /* Pods-ObjCSampleAppTests.release.xcconfig */ = {isa = PBXFileReference; includeInIndex = 1; lastKnownFileType = text.xcconfig; name = "Pods-ObjCSampleAppTests.release.xcconfig"; path = "Pods/Target Support Files/Pods-ObjCSampleAppTests/Pods-ObjCSampleAppTests.release.xcconfig"; sourceTree = "<group>"; };
/* End PBXFileReference section */

/* Begin PBXFrameworksBuildPhase section */
		19749DB32044CED700573D3E /* Frameworks */ = {
			isa = PBXFrameworksBuildPhase;
			buildActionMask = 2147483647;
			files = (
				19749DFC2044D99E00573D3E /* SwiftFBAudience.framework in Frameworks */,
				E8C5909AC743CECD7FC68E17 /* Pods_ObjCSampleApp.framework in Frameworks */,
			);
			runOnlyForDeploymentPostprocessing = 0;
		};
		19749DCB2044CED700573D3E /* Frameworks */ = {
			isa = PBXFrameworksBuildPhase;
			buildActionMask = 2147483647;
			files = (
				6DE524771C24F2EB72EACBF2 /* Pods_ObjCSampleAppTests.framework in Frameworks */,
			);
			runOnlyForDeploymentPostprocessing = 0;
		};
		19749DD62044CED700573D3E /* Frameworks */ = {
			isa = PBXFrameworksBuildPhase;
			buildActionMask = 2147483647;
			files = (
				DEBCD032EADC1D9D0223419C /* Pods_ObjCSampleAppUITests.framework in Frameworks */,
			);
			runOnlyForDeploymentPostprocessing = 0;
		};
/* End PBXFrameworksBuildPhase section */

/* Begin PBXGroup section */
		19749DAD2044CED700573D3E = {
			isa = PBXGroup;
			children = (
				19749DFA2044D99700573D3E /* SwiftFBAudience.framework */,
				19749DB82044CED700573D3E /* ObjCSampleApp */,
				19749DD12044CED700573D3E /* ObjCSampleAppTests */,
				19749DDC2044CED700573D3E /* ObjCSampleAppUITests */,
				19749DB72044CED700573D3E /* Products */,
				B8D999AD5F3241A25A742C54 /* Pods */,
				5B971E111C81268BC9F7B4F8 /* Frameworks */,
			);
			sourceTree = "<group>";
		};
		19749DB72044CED700573D3E /* Products */ = {
			isa = PBXGroup;
			children = (
				19749DB62044CED700573D3E /* ObjCSampleApp.app */,
				19749DCE2044CED700573D3E /* ObjCSampleAppTests.xctest */,
				19749DD92044CED700573D3E /* ObjCSampleAppUITests.xctest */,
			);
			name = Products;
			sourceTree = "<group>";
		};
		19749DB82044CED700573D3E /* ObjCSampleApp */ = {
			isa = PBXGroup;
			children = (
				19749DB92044CED700573D3E /* AppDelegate.h */,
				19749DBA2044CED700573D3E /* AppDelegate.m */,
				19749DBC2044CED700573D3E /* ViewController.h */,
				19749DBD2044CED700573D3E /* ViewController.m */,
				19749DBF2044CED700573D3E /* Main.storyboard */,
				19749DC22044CED700573D3E /* Assets.xcassets */,
				19749DC42044CED700573D3E /* LaunchScreen.storyboard */,
				19749DC72044CED700573D3E /* Info.plist */,
				19749DC82044CED700573D3E /* main.m */,
			);
			path = ObjCSampleApp;
			sourceTree = "<group>";
		};
		19749DD12044CED700573D3E /* ObjCSampleAppTests */ = {
			isa = PBXGroup;
			children = (
				19749DD22044CED700573D3E /* ObjCSampleAppTests.m */,
				19749DD42044CED700573D3E /* Info.plist */,
			);
			path = ObjCSampleAppTests;
			sourceTree = "<group>";
		};
		19749DDC2044CED700573D3E /* ObjCSampleAppUITests */ = {
			isa = PBXGroup;
			children = (
				19749DDD2044CED700573D3E /* ObjCSampleAppUITests.m */,
				19749DDF2044CED700573D3E /* Info.plist */,
			);
			path = ObjCSampleAppUITests;
			sourceTree = "<group>";
		};
		5B971E111C81268BC9F7B4F8 /* Frameworks */ = {
			isa = PBXGroup;
			children = (
				49DA60B6E6D852789FF064BA /* Pods_ObjCSampleApp.framework */,
				125DD8DA86403F0DA41E2B9E /* Pods_ObjCSampleAppTests.framework */,
				9138AB91B5E16D179F38D704 /* Pods_ObjCSampleAppUITests.framework */,
			);
			name = Frameworks;
			sourceTree = "<group>";
		};
		B8D999AD5F3241A25A742C54 /* Pods */ = {
			isa = PBXGroup;
			children = (
				28C4C356E6F95DE070F25106 /* Pods-ObjCSampleApp.debug.xcconfig */,
				AC76623DFFBB0A1CD8B50A85 /* Pods-ObjCSampleApp.release.xcconfig */,
				532F9CE174C517B68CF416CE /* Pods-ObjCSampleAppTests.debug.xcconfig */,
				C1EC62DD3F42A2FCFC7F9784 /* Pods-ObjCSampleAppTests.release.xcconfig */,
				7AB25D3E264DA5B6DD88785E /* Pods-ObjCSampleAppUITests.debug.xcconfig */,
				998011A76ADC658FA9716889 /* Pods-ObjCSampleAppUITests.release.xcconfig */,
			);
			name = Pods;
			sourceTree = "<group>";
		};
/* End PBXGroup section */

/* Begin PBXNativeTarget section */
		19749DB52044CED700573D3E /* ObjCSampleApp */ = {
			isa = PBXNativeTarget;
			buildConfigurationList = 19749DE22044CED700573D3E /* Build configuration list for PBXNativeTarget "ObjCSampleApp" */;
			buildPhases = (
				2600C749BEC4E4B884B86BD4 /* [CP] Check Pods Manifest.lock */,
				19749DB22044CED700573D3E /* Sources */,
				19749DB32044CED700573D3E /* Frameworks */,
				19749DB42044CED700573D3E /* Resources */,
				19749DEF2044CF2C00573D3E /* Embed Frameworks */,
				7587F14FAE972B6C956430EC /* [CP] Embed Pods Frameworks */,
				900B7A4C7CCFA6DC7C89555A /* [CP] Copy Pods Resources */,
			);
			buildRules = (
			);
			dependencies = (
			);
			name = ObjCSampleApp;
			productName = ObjCSampleApp;
			productReference = 19749DB62044CED700573D3E /* ObjCSampleApp.app */;
			productType = "com.apple.product-type.application";
		};
		19749DCD2044CED700573D3E /* ObjCSampleAppTests */ = {
			isa = PBXNativeTarget;
			buildConfigurationList = 19749DE52044CED700573D3E /* Build configuration list for PBXNativeTarget "ObjCSampleAppTests" */;
			buildPhases = (
				0DBFF5EFAF9B24DC2031263F /* [CP] Check Pods Manifest.lock */,
				19749DCA2044CED700573D3E /* Sources */,
				19749DCB2044CED700573D3E /* Frameworks */,
				19749DCC2044CED700573D3E /* Resources */,
				2370BA3299944186E418219B /* [CP] Embed Pods Frameworks */,
				95F619DE6955B33AC0DBE7D2 /* [CP] Copy Pods Resources */,
			);
			buildRules = (
			);
			dependencies = (
				19749DD02044CED700573D3E /* PBXTargetDependency */,
			);
			name = ObjCSampleAppTests;
			productName = ObjCSampleAppTests;
			productReference = 19749DCE2044CED700573D3E /* ObjCSampleAppTests.xctest */;
			productType = "com.apple.product-type.bundle.unit-test";
		};
		19749DD82044CED700573D3E /* ObjCSampleAppUITests */ = {
			isa = PBXNativeTarget;
			buildConfigurationList = 19749DE82044CED700573D3E /* Build configuration list for PBXNativeTarget "ObjCSampleAppUITests" */;
			buildPhases = (
				A4CFE13DCC4C8E9D496FDF0E /* [CP] Check Pods Manifest.lock */,
				19749DD52044CED700573D3E /* Sources */,
				19749DD62044CED700573D3E /* Frameworks */,
				19749DD72044CED700573D3E /* Resources */,
				EDF6896B5445357D8B47F7AB /* [CP] Embed Pods Frameworks */,
				BD36C9027DB7CA8BCC15D698 /* [CP] Copy Pods Resources */,
			);
			buildRules = (
			);
			dependencies = (
				19749DDB2044CED700573D3E /* PBXTargetDependency */,
			);
			name = ObjCSampleAppUITests;
			productName = ObjCSampleAppUITests;
			productReference = 19749DD92044CED700573D3E /* ObjCSampleAppUITests.xctest */;
			productType = "com.apple.product-type.bundle.ui-testing";
		};
/* End PBXNativeTarget section */

/* Begin PBXProject section */
		19749DAE2044CED700573D3E /* Project object */ = {
			isa = PBXProject;
			attributes = {
				LastUpgradeCheck = 0920;
				ORGANIZATIONNAME = "Bryan Boyko";
				TargetAttributes = {
					19749DB52044CED700573D3E = {
						CreatedOnToolsVersion = 9.2;
						ProvisioningStyle = Automatic;
					};
					19749DCD2044CED700573D3E = {
						CreatedOnToolsVersion = 9.2;
						ProvisioningStyle = Automatic;
						TestTargetID = 19749DB52044CED700573D3E;
					};
					19749DD82044CED700573D3E = {
						CreatedOnToolsVersion = 9.2;
						ProvisioningStyle = Automatic;
						TestTargetID = 19749DB52044CED700573D3E;
					};
				};
			};
			buildConfigurationList = 19749DB12044CED700573D3E /* Build configuration list for PBXProject "ObjCSampleApp" */;
			compatibilityVersion = "Xcode 8.0";
			developmentRegion = en;
			hasScannedForEncodings = 0;
			knownRegions = (
				en,
				Base,
			);
			mainGroup = 19749DAD2044CED700573D3E;
			productRefGroup = 19749DB72044CED700573D3E /* Products */;
			projectDirPath = "";
			projectRoot = "";
			targets = (
				19749DB52044CED700573D3E /* ObjCSampleApp */,
				19749DCD2044CED700573D3E /* ObjCSampleAppTests */,
				19749DD82044CED700573D3E /* ObjCSampleAppUITests */,
			);
		};
/* End PBXProject section */

/* Begin PBXResourcesBuildPhase section */
		19749DB42044CED700573D3E /* Resources */ = {
			isa = PBXResourcesBuildPhase;
			buildActionMask = 2147483647;
			files = (
				19749DC62044CED700573D3E /* LaunchScreen.storyboard in Resources */,
				19749DC32044CED700573D3E /* Assets.xcassets in Resources */,
				19749DC12044CED700573D3E /* Main.storyboard in Resources */,
			);
			runOnlyForDeploymentPostprocessing = 0;
		};
		19749DCC2044CED700573D3E /* Resources */ = {
			isa = PBXResourcesBuildPhase;
			buildActionMask = 2147483647;
			files = (
			);
			runOnlyForDeploymentPostprocessing = 0;
		};
		19749DD72044CED700573D3E /* Resources */ = {
			isa = PBXResourcesBuildPhase;
			buildActionMask = 2147483647;
			files = (
			);
			runOnlyForDeploymentPostprocessing = 0;
		};
/* End PBXResourcesBuildPhase section */

/* Begin PBXShellScriptBuildPhase section */
		0DBFF5EFAF9B24DC2031263F /* [CP] Check Pods Manifest.lock */ = {
			isa = PBXShellScriptBuildPhase;
			buildActionMask = 2147483647;
			files = (
			);
			inputPaths = (
				"${PODS_PODFILE_DIR_PATH}/Podfile.lock",
				"${PODS_ROOT}/Manifest.lock",
			);
			name = "[CP] Check Pods Manifest.lock";
			outputPaths = (
				"$(DERIVED_FILE_DIR)/Pods-ObjCSampleAppTests-checkManifestLockResult.txt",
			);
			runOnlyForDeploymentPostprocessing = 0;
			shellPath = /bin/sh;
			shellScript = "diff \"${PODS_PODFILE_DIR_PATH}/Podfile.lock\" \"${PODS_ROOT}/Manifest.lock\" > /dev/null\nif [ $? != 0 ] ; then\n    # print error to STDERR\n    echo \"error: The sandbox is not in sync with the Podfile.lock. Run 'pod install' or update your CocoaPods installation.\" >&2\n    exit 1\nfi\n# This output is used by Xcode 'outputs' to avoid re-running this script phase.\necho \"SUCCESS\" > \"${SCRIPT_OUTPUT_FILE_0}\"\n";
			showEnvVarsInLog = 0;
		};
		2370BA3299944186E418219B /* [CP] Embed Pods Frameworks */ = {
			isa = PBXShellScriptBuildPhase;
			buildActionMask = 2147483647;
			files = (
			);
			inputPaths = (
			);
			name = "[CP] Embed Pods Frameworks";
			outputPaths = (
			);
			runOnlyForDeploymentPostprocessing = 0;
			shellPath = /bin/sh;
			shellScript = "\"${SRCROOT}/Pods/Target Support Files/Pods-ObjCSampleAppTests/Pods-ObjCSampleAppTests-frameworks.sh\"\n";
			showEnvVarsInLog = 0;
		};
		2600C749BEC4E4B884B86BD4 /* [CP] Check Pods Manifest.lock */ = {
			isa = PBXShellScriptBuildPhase;
			buildActionMask = 2147483647;
			files = (
			);
			inputPaths = (
				"${PODS_PODFILE_DIR_PATH}/Podfile.lock",
				"${PODS_ROOT}/Manifest.lock",
			);
			name = "[CP] Check Pods Manifest.lock";
			outputPaths = (
				"$(DERIVED_FILE_DIR)/Pods-ObjCSampleApp-checkManifestLockResult.txt",
			);
			runOnlyForDeploymentPostprocessing = 0;
			shellPath = /bin/sh;
			shellScript = "diff \"${PODS_PODFILE_DIR_PATH}/Podfile.lock\" \"${PODS_ROOT}/Manifest.lock\" > /dev/null\nif [ $? != 0 ] ; then\n    # print error to STDERR\n    echo \"error: The sandbox is not in sync with the Podfile.lock. Run 'pod install' or update your CocoaPods installation.\" >&2\n    exit 1\nfi\n# This output is used by Xcode 'outputs' to avoid re-running this script phase.\necho \"SUCCESS\" > \"${SCRIPT_OUTPUT_FILE_0}\"\n";
			showEnvVarsInLog = 0;
		};
		7587F14FAE972B6C956430EC /* [CP] Embed Pods Frameworks */ = {
			isa = PBXShellScriptBuildPhase;
			buildActionMask = 2147483647;
			files = (
			);
			inputPaths = (
				"${SRCROOT}/Pods/Target Support Files/Pods-ObjCSampleApp/Pods-ObjCSampleApp-frameworks.sh",
				"${BUILT_PRODUCTS_DIR}/mopub-ios-sdk/MoPub.framework",
			);
			name = "[CP] Embed Pods Frameworks";
			outputPaths = (
				"${TARGET_BUILD_DIR}/${FRAMEWORKS_FOLDER_PATH}/MoPub.framework",
			);
			runOnlyForDeploymentPostprocessing = 0;
			shellPath = /bin/sh;
			shellScript = "\"${SRCROOT}/Pods/Target Support Files/Pods-ObjCSampleApp/Pods-ObjCSampleApp-frameworks.sh\"\n";
			showEnvVarsInLog = 0;
		};
		900B7A4C7CCFA6DC7C89555A /* [CP] Copy Pods Resources */ = {
			isa = PBXShellScriptBuildPhase;
			buildActionMask = 2147483647;
			files = (
			);
			inputPaths = (
			);
			name = "[CP] Copy Pods Resources";
			outputPaths = (
			);
			runOnlyForDeploymentPostprocessing = 0;
			shellPath = /bin/sh;
			shellScript = "\"${SRCROOT}/Pods/Target Support Files/Pods-ObjCSampleApp/Pods-ObjCSampleApp-resources.sh\"\n";
			showEnvVarsInLog = 0;
		};
		95F619DE6955B33AC0DBE7D2 /* [CP] Copy Pods Resources */ = {
			isa = PBXShellScriptBuildPhase;
			buildActionMask = 2147483647;
			files = (
			);
			inputPaths = (
			);
			name = "[CP] Copy Pods Resources";
			outputPaths = (
			);
			runOnlyForDeploymentPostprocessing = 0;
			shellPath = /bin/sh;
			shellScript = "\"${SRCROOT}/Pods/Target Support Files/Pods-ObjCSampleAppTests/Pods-ObjCSampleAppTests-resources.sh\"\n";
			showEnvVarsInLog = 0;
		};
		A4CFE13DCC4C8E9D496FDF0E /* [CP] Check Pods Manifest.lock */ = {
			isa = PBXShellScriptBuildPhase;
			buildActionMask = 2147483647;
			files = (
			);
			inputPaths = (
				"${PODS_PODFILE_DIR_PATH}/Podfile.lock",
				"${PODS_ROOT}/Manifest.lock",
			);
			name = "[CP] Check Pods Manifest.lock";
			outputPaths = (
				"$(DERIVED_FILE_DIR)/Pods-ObjCSampleAppUITests-checkManifestLockResult.txt",
			);
			runOnlyForDeploymentPostprocessing = 0;
			shellPath = /bin/sh;
			shellScript = "diff \"${PODS_PODFILE_DIR_PATH}/Podfile.lock\" \"${PODS_ROOT}/Manifest.lock\" > /dev/null\nif [ $? != 0 ] ; then\n    # print error to STDERR\n    echo \"error: The sandbox is not in sync with the Podfile.lock. Run 'pod install' or update your CocoaPods installation.\" >&2\n    exit 1\nfi\n# This output is used by Xcode 'outputs' to avoid re-running this script phase.\necho \"SUCCESS\" > \"${SCRIPT_OUTPUT_FILE_0}\"\n";
			showEnvVarsInLog = 0;
		};
		BD36C9027DB7CA8BCC15D698 /* [CP] Copy Pods Resources */ = {
			isa = PBXShellScriptBuildPhase;
			buildActionMask = 2147483647;
			files = (
			);
			inputPaths = (
			);
			name = "[CP] Copy Pods Resources";
			outputPaths = (
			);
			runOnlyForDeploymentPostprocessing = 0;
			shellPath = /bin/sh;
			shellScript = "\"${SRCROOT}/Pods/Target Support Files/Pods-ObjCSampleAppUITests/Pods-ObjCSampleAppUITests-resources.sh\"\n";
			showEnvVarsInLog = 0;
		};
		EDF6896B5445357D8B47F7AB /* [CP] Embed Pods Frameworks */ = {
			isa = PBXShellScriptBuildPhase;
			buildActionMask = 2147483647;
			files = (
			);
			inputPaths = (
			);
			name = "[CP] Embed Pods Frameworks";
			outputPaths = (
			);
			runOnlyForDeploymentPostprocessing = 0;
			shellPath = /bin/sh;
			shellScript = "\"${SRCROOT}/Pods/Target Support Files/Pods-ObjCSampleAppUITests/Pods-ObjCSampleAppUITests-frameworks.sh\"\n";
			showEnvVarsInLog = 0;
		};
/* End PBXShellScriptBuildPhase section */

/* Begin PBXSourcesBuildPhase section */
		19749DB22044CED700573D3E /* Sources */ = {
			isa = PBXSourcesBuildPhase;
			buildActionMask = 2147483647;
			files = (
				19749DBE2044CED700573D3E /* ViewController.m in Sources */,
				19749DC92044CED700573D3E /* main.m in Sources */,
				19749DBB2044CED700573D3E /* AppDelegate.m in Sources */,
			);
			runOnlyForDeploymentPostprocessing = 0;
		};
		19749DCA2044CED700573D3E /* Sources */ = {
			isa = PBXSourcesBuildPhase;
			buildActionMask = 2147483647;
			files = (
				19749DD32044CED700573D3E /* ObjCSampleAppTests.m in Sources */,
			);
			runOnlyForDeploymentPostprocessing = 0;
		};
		19749DD52044CED700573D3E /* Sources */ = {
			isa = PBXSourcesBuildPhase;
			buildActionMask = 2147483647;
			files = (
				19749DDE2044CED700573D3E /* ObjCSampleAppUITests.m in Sources */,
			);
			runOnlyForDeploymentPostprocessing = 0;
		};
/* End PBXSourcesBuildPhase section */

/* Begin PBXTargetDependency section */
		19749DD02044CED700573D3E /* PBXTargetDependency */ = {
			isa = PBXTargetDependency;
			target = 19749DB52044CED700573D3E /* ObjCSampleApp */;
			targetProxy = 19749DCF2044CED700573D3E /* PBXContainerItemProxy */;
		};
		19749DDB2044CED700573D3E /* PBXTargetDependency */ = {
			isa = PBXTargetDependency;
			target = 19749DB52044CED700573D3E /* ObjCSampleApp */;
			targetProxy = 19749DDA2044CED700573D3E /* PBXContainerItemProxy */;
		};
/* End PBXTargetDependency section */

/* Begin PBXVariantGroup section */
		19749DBF2044CED700573D3E /* Main.storyboard */ = {
			isa = PBXVariantGroup;
			children = (
				19749DC02044CED700573D3E /* Base */,
			);
			name = Main.storyboard;
			sourceTree = "<group>";
		};
		19749DC42044CED700573D3E /* LaunchScreen.storyboard */ = {
			isa = PBXVariantGroup;
			children = (
				19749DC52044CED700573D3E /* Base */,
			);
			name = LaunchScreen.storyboard;
			sourceTree = "<group>";
		};
/* End PBXVariantGroup section */

/* Begin XCBuildConfiguration section */
		19749DE02044CED700573D3E /* Debug */ = {
			isa = XCBuildConfiguration;
			buildSettings = {
				ALWAYS_SEARCH_USER_PATHS = NO;
				CLANG_ANALYZER_NONNULL = YES;
				CLANG_ANALYZER_NUMBER_OBJECT_CONVERSION = YES_AGGRESSIVE;
				CLANG_CXX_LANGUAGE_STANDARD = "gnu++14";
				CLANG_CXX_LIBRARY = "libc++";
				CLANG_ENABLE_MODULES = YES;
				CLANG_ENABLE_OBJC_ARC = YES;
				CLANG_WARN_BLOCK_CAPTURE_AUTORELEASING = YES;
				CLANG_WARN_BOOL_CONVERSION = YES;
				CLANG_WARN_COMMA = YES;
				CLANG_WARN_CONSTANT_CONVERSION = YES;
				CLANG_WARN_DIRECT_OBJC_ISA_USAGE = YES_ERROR;
				CLANG_WARN_DOCUMENTATION_COMMENTS = YES;
				CLANG_WARN_EMPTY_BODY = YES;
				CLANG_WARN_ENUM_CONVERSION = YES;
				CLANG_WARN_INFINITE_RECURSION = YES;
				CLANG_WARN_INT_CONVERSION = YES;
				CLANG_WARN_NON_LITERAL_NULL_CONVERSION = YES;
				CLANG_WARN_OBJC_LITERAL_CONVERSION = YES;
				CLANG_WARN_OBJC_ROOT_CLASS = YES_ERROR;
				CLANG_WARN_RANGE_LOOP_ANALYSIS = YES;
				CLANG_WARN_STRICT_PROTOTYPES = YES;
				CLANG_WARN_SUSPICIOUS_MOVE = YES;
				CLANG_WARN_UNGUARDED_AVAILABILITY = YES_AGGRESSIVE;
				CLANG_WARN_UNREACHABLE_CODE = YES;
				CLANG_WARN__DUPLICATE_METHOD_MATCH = YES;
				CODE_SIGN_IDENTITY = "iPhone Developer";
				COPY_PHASE_STRIP = NO;
				DEBUG_INFORMATION_FORMAT = dwarf;
				ENABLE_STRICT_OBJC_MSGSEND = YES;
				ENABLE_TESTABILITY = YES;
				GCC_C_LANGUAGE_STANDARD = gnu11;
				GCC_DYNAMIC_NO_PIC = NO;
				GCC_NO_COMMON_BLOCKS = YES;
				GCC_OPTIMIZATION_LEVEL = 0;
				GCC_PREPROCESSOR_DEFINITIONS = (
					"DEBUG=1",
					"$(inherited)",
				);
				GCC_WARN_64_TO_32_BIT_CONVERSION = YES;
				GCC_WARN_ABOUT_RETURN_TYPE = YES_ERROR;
				GCC_WARN_UNDECLARED_SELECTOR = YES;
				GCC_WARN_UNINITIALIZED_AUTOS = YES_AGGRESSIVE;
				GCC_WARN_UNUSED_FUNCTION = YES;
				GCC_WARN_UNUSED_VARIABLE = YES;
				IPHONEOS_DEPLOYMENT_TARGET = 11.2;
				MTL_ENABLE_DEBUG_INFO = YES;
				ONLY_ACTIVE_ARCH = YES;
				SDKROOT = iphoneos;
			};
			name = Debug;
		};
		19749DE12044CED700573D3E /* Release */ = {
			isa = XCBuildConfiguration;
			buildSettings = {
				ALWAYS_SEARCH_USER_PATHS = NO;
				CLANG_ANALYZER_NONNULL = YES;
				CLANG_ANALYZER_NUMBER_OBJECT_CONVERSION = YES_AGGRESSIVE;
				CLANG_CXX_LANGUAGE_STANDARD = "gnu++14";
				CLANG_CXX_LIBRARY = "libc++";
				CLANG_ENABLE_MODULES = YES;
				CLANG_ENABLE_OBJC_ARC = YES;
				CLANG_WARN_BLOCK_CAPTURE_AUTORELEASING = YES;
				CLANG_WARN_BOOL_CONVERSION = YES;
				CLANG_WARN_COMMA = YES;
				CLANG_WARN_CONSTANT_CONVERSION = YES;
				CLANG_WARN_DIRECT_OBJC_ISA_USAGE = YES_ERROR;
				CLANG_WARN_DOCUMENTATION_COMMENTS = YES;
				CLANG_WARN_EMPTY_BODY = YES;
				CLANG_WARN_ENUM_CONVERSION = YES;
				CLANG_WARN_INFINITE_RECURSION = YES;
				CLANG_WARN_INT_CONVERSION = YES;
				CLANG_WARN_NON_LITERAL_NULL_CONVERSION = YES;
				CLANG_WARN_OBJC_LITERAL_CONVERSION = YES;
				CLANG_WARN_OBJC_ROOT_CLASS = YES_ERROR;
				CLANG_WARN_RANGE_LOOP_ANALYSIS = YES;
				CLANG_WARN_STRICT_PROTOTYPES = YES;
				CLANG_WARN_SUSPICIOUS_MOVE = YES;
				CLANG_WARN_UNGUARDED_AVAILABILITY = YES_AGGRESSIVE;
				CLANG_WARN_UNREACHABLE_CODE = YES;
				CLANG_WARN__DUPLICATE_METHOD_MATCH = YES;
				CODE_SIGN_IDENTITY = "iPhone Developer";
				COPY_PHASE_STRIP = NO;
				DEBUG_INFORMATION_FORMAT = "dwarf-with-dsym";
				ENABLE_NS_ASSERTIONS = NO;
				ENABLE_STRICT_OBJC_MSGSEND = YES;
				GCC_C_LANGUAGE_STANDARD = gnu11;
				GCC_NO_COMMON_BLOCKS = YES;
				GCC_WARN_64_TO_32_BIT_CONVERSION = YES;
				GCC_WARN_ABOUT_RETURN_TYPE = YES_ERROR;
				GCC_WARN_UNDECLARED_SELECTOR = YES;
				GCC_WARN_UNINITIALIZED_AUTOS = YES_AGGRESSIVE;
				GCC_WARN_UNUSED_FUNCTION = YES;
				GCC_WARN_UNUSED_VARIABLE = YES;
				IPHONEOS_DEPLOYMENT_TARGET = 11.2;
				MTL_ENABLE_DEBUG_INFO = NO;
				SDKROOT = iphoneos;
				VALIDATE_PRODUCT = YES;
			};
			name = Release;
		};
		19749DE32044CED700573D3E /* Debug */ = {
			isa = XCBuildConfiguration;
			baseConfigurationReference = 28C4C356E6F95DE070F25106 /* Pods-ObjCSampleApp.debug.xcconfig */;
			buildSettings = {
				ALWAYS_EMBED_SWIFT_STANDARD_LIBRARIES = YES;
				ASSETCATALOG_COMPILER_APPICON_NAME = AppIcon;
				CODE_SIGN_STYLE = Automatic;
				FRAMEWORK_SEARCH_PATHS = (
					"$(inherited)",
					"$(PROJECT_DIR)",
				);
				INFOPLIST_FILE = ObjCSampleApp/Info.plist;
				LD_RUNPATH_SEARCH_PATHS = "$(inherited) @executable_path/Frameworks";
				PRODUCT_BUNDLE_IDENTIFIER = com.MAX.ObjCSampleApp;
				PRODUCT_NAME = "$(TARGET_NAME)";
				TARGETED_DEVICE_FAMILY = "1,2";
			};
			name = Debug;
		};
		19749DE42044CED700573D3E /* Release */ = {
			isa = XCBuildConfiguration;
			baseConfigurationReference = AC76623DFFBB0A1CD8B50A85 /* Pods-ObjCSampleApp.release.xcconfig */;
			buildSettings = {
				ALWAYS_EMBED_SWIFT_STANDARD_LIBRARIES = YES;
				ASSETCATALOG_COMPILER_APPICON_NAME = AppIcon;
				CODE_SIGN_STYLE = Automatic;
				FRAMEWORK_SEARCH_PATHS = (
					"$(inherited)",
					"$(PROJECT_DIR)",
				);
				INFOPLIST_FILE = ObjCSampleApp/Info.plist;
				LD_RUNPATH_SEARCH_PATHS = "$(inherited) @executable_path/Frameworks";
				PRODUCT_BUNDLE_IDENTIFIER = com.MAX.ObjCSampleApp;
				PRODUCT_NAME = "$(TARGET_NAME)";
				TARGETED_DEVICE_FAMILY = "1,2";
			};
			name = Release;
		};
		19749DE62044CED700573D3E /* Debug */ = {
			isa = XCBuildConfiguration;
			baseConfigurationReference = 532F9CE174C517B68CF416CE /* Pods-ObjCSampleAppTests.debug.xcconfig */;
			buildSettings = {
				BUNDLE_LOADER = "$(TEST_HOST)";
				CODE_SIGN_STYLE = Automatic;
				INFOPLIST_FILE = ObjCSampleAppTests/Info.plist;
				LD_RUNPATH_SEARCH_PATHS = "$(inherited) @executable_path/Frameworks @loader_path/Frameworks";
				PRODUCT_BUNDLE_IDENTIFIER = com.MAX.ObjCSampleAppTests;
				PRODUCT_NAME = "$(TARGET_NAME)";
				TARGETED_DEVICE_FAMILY = "1,2";
				TEST_HOST = "$(BUILT_PRODUCTS_DIR)/ObjCSampleApp.app/ObjCSampleApp";
			};
			name = Debug;
		};
		19749DE72044CED700573D3E /* Release */ = {
			isa = XCBuildConfiguration;
			baseConfigurationReference = C1EC62DD3F42A2FCFC7F9784 /* Pods-ObjCSampleAppTests.release.xcconfig */;
			buildSettings = {
				BUNDLE_LOADER = "$(TEST_HOST)";
				CODE_SIGN_STYLE = Automatic;
				INFOPLIST_FILE = ObjCSampleAppTests/Info.plist;
				LD_RUNPATH_SEARCH_PATHS = "$(inherited) @executable_path/Frameworks @loader_path/Frameworks";
				PRODUCT_BUNDLE_IDENTIFIER = com.MAX.ObjCSampleAppTests;
				PRODUCT_NAME = "$(TARGET_NAME)";
				TARGETED_DEVICE_FAMILY = "1,2";
				TEST_HOST = "$(BUILT_PRODUCTS_DIR)/ObjCSampleApp.app/ObjCSampleApp";
			};
			name = Release;
		};
		19749DE92044CED700573D3E /* Debug */ = {
			isa = XCBuildConfiguration;
			baseConfigurationReference = 7AB25D3E264DA5B6DD88785E /* Pods-ObjCSampleAppUITests.debug.xcconfig */;
			buildSettings = {
				CODE_SIGN_STYLE = Automatic;
				INFOPLIST_FILE = ObjCSampleAppUITests/Info.plist;
				LD_RUNPATH_SEARCH_PATHS = "$(inherited) @executable_path/Frameworks @loader_path/Frameworks";
				PRODUCT_BUNDLE_IDENTIFIER = com.MAX.ObjCSampleAppUITests;
				PRODUCT_NAME = "$(TARGET_NAME)";
				TARGETED_DEVICE_FAMILY = "1,2";
				TEST_TARGET_NAME = ObjCSampleApp;
			};
			name = Debug;
		};
		19749DEA2044CED700573D3E /* Release */ = {
			isa = XCBuildConfiguration;
			baseConfigurationReference = 998011A76ADC658FA9716889 /* Pods-ObjCSampleAppUITests.release.xcconfig */;
			buildSettings = {
				CODE_SIGN_STYLE = Automatic;
				INFOPLIST_FILE = ObjCSampleAppUITests/Info.plist;
				LD_RUNPATH_SEARCH_PATHS = "$(inherited) @executable_path/Frameworks @loader_path/Frameworks";
				PRODUCT_BUNDLE_IDENTIFIER = com.MAX.ObjCSampleAppUITests;
				PRODUCT_NAME = "$(TARGET_NAME)";
				TARGETED_DEVICE_FAMILY = "1,2";
				TEST_TARGET_NAME = ObjCSampleApp;
			};
			name = Release;
		};
/* End XCBuildConfiguration section */

/* Begin XCConfigurationList section */
		19749DB12044CED700573D3E /* Build configuration list for PBXProject "ObjCSampleApp" */ = {
			isa = XCConfigurationList;
			buildConfigurations = (
				19749DE02044CED700573D3E /* Debug */,
				19749DE12044CED700573D3E /* Release */,
			);
			defaultConfigurationIsVisible = 0;
			defaultConfigurationName = Release;
		};
		19749DE22044CED700573D3E /* Build configuration list for PBXNativeTarget "ObjCSampleApp" */ = {
			isa = XCConfigurationList;
			buildConfigurations = (
				19749DE32044CED700573D3E /* Debug */,
				19749DE42044CED700573D3E /* Release */,
			);
			defaultConfigurationIsVisible = 0;
			defaultConfigurationName = Release;
		};
		19749DE52044CED700573D3E /* Build configuration list for PBXNativeTarget "ObjCSampleAppTests" */ = {
			isa = XCConfigurationList;
			buildConfigurations = (
				19749DE62044CED700573D3E /* Debug */,
				19749DE72044CED700573D3E /* Release */,
			);
			defaultConfigurationIsVisible = 0;
			defaultConfigurationName = Release;
		};
		19749DE82044CED700573D3E /* Build configuration list for PBXNativeTarget "ObjCSampleAppUITests" */ = {
			isa = XCConfigurationList;
			buildConfigurations = (
				19749DE92044CED700573D3E /* Debug */,
				19749DEA2044CED700573D3E /* Release */,
			);
			defaultConfigurationIsVisible = 0;
			defaultConfigurationName = Release;
		};
/* End XCConfigurationList section */
	};
	rootObject = 19749DAE2044CED700573D3E /* Project object */;
}
